
Microsoft Visual Studio Solution File, Format Version 12.00
# Visual Studio 2012
Project("{FAE04EC0-301F-11D3-BF4B-00C04F79EFBC}") = "ShiTang", "ShiTang\ShiTang.csproj", "{79319F0E-DE51-4DE0-808E-4C4263503FC3}"
EndProject
Global
	GlobalSection(SolutionConfigurationPlatforms) = preSolution
		Debug|Any CPU = Debug|Any CPU
		Release|Any CPU = Release|Any CPU
	EndGlobalSection
	GlobalSection(ProjectConfigurationPlatforms) = postSolution
		{79319F0E-DE51-4DE0-808E-4C4263503FC3}.Debug|Any CPU.ActiveCfg = Debug|Any CPU
		{79319F0E-DE51-4DE0-808E-4C4263503FC3}.Debug|Any CPU.Build.0 = Debug|Any CPU
		{79319F0E-DE51-4DE0-808E-4C4263503FC3}.Release|Any CPU.ActiveCfg = Release|Any CPU
		{79319F0E-DE51-4DE0-808E-4C4263503FC3}.Release|Any CPU.Build.0 = Release|Any CPU
	EndGlobalSection
	GlobalSection(SolutionProperties) = preSolution
		HideSolutionNode = FALSE
	EndGlobalSection
EndGlobal
